
Microsoft Visual Studio Solution File, Format Version 12.00
# Visual Studio Version 17
VisualStudioVersion = 17.0.32014.148
MinimumVisualStudioVersion = 10.0.40219.1
Project("{9A19103F-16F7-4668-BE54-9A1E7A4F7556}") = "MinimalTime", "MinimalTime\MinimalTime.csproj", "{C42D2AB0-FDF7-41FE-B772-C89EC19335D9}"
EndProject
Project("{9A19103F-16F7-4668-BE54-9A1E7A4F7556}") = "MinimalTime.Tests", "MinimalTime.Tests\MinimalTime.Tests.csproj", "{02F010D7-5A2B-49DF-9358-D993010D6F9A}"
EndProject
Global
	GlobalSection(SolutionConfigurationPlatforms) = preSolution
		Debug|Any CPU = Debug|Any CPU
		Release|Any CPU = Release|Any CPU
	EndGlobalSection
	GlobalSection(ProjectConfigurationPlatforms) = postSolution
		{C42D2AB0-FDF7-41FE-B772-C89EC19335D9}.Debug|Any CPU.ActiveCfg = Debug|Any CPU
		{C42D2AB0-FDF7-41FE-B772-C89EC19335D9}.Debug|Any CPU.Build.0 = Debug|Any CPU
		{C42D2AB0-FDF7-41FE-B772-C89EC19335D9}.Release|Any CPU.ActiveCfg = Release|Any CPU
		{C42D2AB0-FDF7-41FE-B772-C89EC19335D9}.Release|Any CPU.Build.0 = Release|Any CPU
		{02F010D7-5A2B-49DF-9358-D993010D6F9A}.Debug|Any CPU.ActiveCfg = Debug|Any CPU
		{02F010D7-5A2B-49DF-9358-D993010D6F9A}.Debug|Any CPU.Build.0 = Debug|Any CPU
		{02F010D7-5A2B-49DF-9358-D993010D6F9A}.Release|Any CPU.ActiveCfg = Release|Any CPU
		{02F010D7-5A2B-49DF-9358-D993010D6F9A}.Release|Any CPU.Build.0 = Release|Any CPU
	EndGlobalSection
	GlobalSection(SolutionProperties) = preSolution
		HideSolutionNode = FALSE
	EndGlobalSection
	GlobalSection(ExtensibilityGlobals) = postSolution
		SolutionGuid = {37B6C467-2BCC-4A66-B9D2-B3E529F31298}
	EndGlobalSection
EndGlobal
